{
  "name": "MaxMind",
  "version": "3.4.2",
  "lockfileVersion": 1,
  "requires": true,
  "dependencies": {
    "async": {
      "version": "3.2.4",
      "resolved": "https://registry.npmjs.org/async/-/async-3.2.4.tgz",
      "integrity": "sha512-iAB+JbDEGXhyIUavoDl9WP/Jj106Kz9DEn1DPgYw5ruDn0e3Wgi3sKFm55sASdGBNOQB8F59d9qQ7deqrHA8wQ=="
    },
    "maxmind": {
      "version": "4.3.13",
      "resolved": "https://registry.npmjs.org/maxmind/-/maxmind-4.3.13.tgz",
      "integrity": "sha512-9y2WM2UR8kZqfMJjaXeg+PdKFABLwx3ntUlvDlmIQyKJ1GPVfXAMyGLOoc0aNoUB39yqzvBn0xiXCgVMhJDyMQ==",
      "requires": {
        "mmdb-lib": "2.0.2",
        "tiny-lru": "11.1.2"
      }
    },
    "mmdb-lib": {
      "version": "2.0.2",
      "resolved": "https://registry.npmjs.org/mmdb-lib/-/mmdb-lib-2.0.2.tgz",
      "integrity": "sha512-shi1I+fCPQonhTi7qyb6hr7hi87R7YS69FlfJiMFuJ12+grx0JyL56gLNzGTYXPU7EhAPkMLliGeyHer0K+AVA=="
    },
    "tiny-lru": {
      "version": "11.1.2",
      "resolved": "https://registry.npmjs.org/tiny-lru/-/tiny-lru-11.1.2.tgz",
      "integrity": "sha512-EGJRgd/nY4qMlVWCYLecHdzsN6GJRM073iqlQNk/Xq5KVUGl5zkgWYNnv5pgVClDFvVEAI+7R5wpNBOu/foI2w=="
    }
  }
}
