{
  "name": "MaxMind",
  "version": "3.5.1",
  "lockfileVersion": 1,
  "requires": true,
  "dependencies": {
    "async": {
      "version": "3.2.6",
      "resolved": "https://registry.npmjs.org/async/-/async-3.2.6.tgz",
      "integrity": "sha512-htCUDlxyyCLMgaM3xXg0C0LW2xqfuQ6p05pCEIsXuyQ+a1koYKTuBMzRNwmybfLgvJDMd0r1LTn4+E0Ti6C2AA=="
    },
    "maxmind": {
      "version": "4.3.23",
      "resolved": "https://registry.npmjs.org/maxmind/-/maxmind-4.3.23.tgz",
      "integrity": "sha512-AMm4Eem0J0Y1EQJRVSdi2xevw5bJgUDd+lHyQwu0PvGUtK/4uOb8/uidmsrRZ/ST90UfF48H4ShAeFFWKvZ7bw==",
      "requires": {
        "mmdb-lib": "2.1.1",
        "tiny-lru": "11.2.11"
      }
    },
    "mmdb-lib": {
      "version": "2.1.1",
      "resolved": "https://registry.npmjs.org/mmdb-lib/-/mmdb-lib-2.1.1.tgz",
      "integrity": "sha512-yx8H/1H5AfnufiLnzzPqPf4yr/dKU9IFT1rPVwSkrKWHsQEeVVd6+X+L0nUbXhlEFTu3y/7hu38CFmEVgzvyeg=="
    },
    "tiny-lru": {
      "version": "11.2.11",
      "resolved": "https://registry.npmjs.org/tiny-lru/-/tiny-lru-11.2.11.tgz",
      "integrity": "sha512-27BIW0dIWTYYoWNnqSmoNMKe5WIbkXsc0xaCQHd3/3xT2XMuMJrzHdrO9QBFR14emBz1Bu0dOAs2sCBBrvgPQA=="
    }
  }
}
