{
  "name": "MaxMind",
  "version": "3.4.1",
  "lockfileVersion": 1,
  "requires": true,
  "dependencies": {
    "async": {
      "version": "3.2.4",
      "resolved": "https://registry.npmjs.org/async/-/async-3.2.4.tgz",
      "integrity": "sha512-iAB+JbDEGXhyIUavoDl9WP/Jj106Kz9DEn1DPgYw5ruDn0e3Wgi3sKFm55sASdGBNOQB8F59d9qQ7deqrHA8wQ=="
    },
    "maxmind": {
      "version": "4.3.8",
      "resolved": "https://registry.npmjs.org/maxmind/-/maxmind-4.3.8.tgz",
      "integrity": "sha512-HrfxEu5yPBPtTy/OT+W5bPQwEfLUX0EHqe2EbJiB47xQMumHqXvSP7PAwzV8Z++NRCmQwy4moQrTSt0+dH+Jmg==",
      "requires": {
        "mmdb-lib": "2.0.2",
        "tiny-lru": "9.0.3"
      }
    },
    "mmdb-lib": {
      "version": "2.0.2",
      "resolved": "https://registry.npmjs.org/mmdb-lib/-/mmdb-lib-2.0.2.tgz",
      "integrity": "sha512-shi1I+fCPQonhTi7qyb6hr7hi87R7YS69FlfJiMFuJ12+grx0JyL56gLNzGTYXPU7EhAPkMLliGeyHer0K+AVA=="
    },
    "tiny-lru": {
      "version": "9.0.3",
      "resolved": "https://registry.npmjs.org/tiny-lru/-/tiny-lru-9.0.3.tgz",
      "integrity": "sha512-/i9GruRjXsnDgehxvy6iZ4AFNVxngEFbwzirhdulomMNPGPVV3ECMZOWSw0w4sRMZ9Al9m4jy08GPvRxRUGYlw=="
    }
  }
}